
Microsoft Visual Studio Solution File, Format Version 12.00
# Visual Studio 15
VisualStudioVersion = 15.0.27130.2036
MinimumVisualStudioVersion = 10.0.40219.1
Project("{FAE04EC0-301F-11D3-BF4B-00C04F79EFBC}") = "BPlanner", "BPlanner\BPlanner.csproj", "{17A19A51-6D3D-4831-A39F-7D69CBB74410}"
EndProject
Project("{FAE04EC0-301F-11D3-BF4B-00C04F79EFBC}") = "Model", "Model\Model.csproj", "{17743F0B-D3CC-4C4A-AF64-CA8930E34206}"
EndProject
Global
	GlobalSection(SolutionConfigurationPlatforms) = preSolution
		Debug|Any CPU = Debug|Any CPU
		Release|Any CPU = Release|Any CPU
	EndGlobalSection
	GlobalSection(ProjectConfigurationPlatforms) = postSolution
		{17A19A51-6D3D-4831-A39F-7D69CBB74410}.Debug|Any CPU.ActiveCfg = Debug|Any CPU
		{17A19A51-6D3D-4831-A39F-7D69CBB74410}.Debug|Any CPU.Build.0 = Debug|Any CPU
		{17A19A51-6D3D-4831-A39F-7D69CBB74410}.Release|Any CPU.ActiveCfg = Release|Any CPU
		{17A19A51-6D3D-4831-A39F-7D69CBB74410}.Release|Any CPU.Build.0 = Release|Any CPU
		{17743F0B-D3CC-4C4A-AF64-CA8930E34206}.Debug|Any CPU.ActiveCfg = Debug|Any CPU
		{17743F0B-D3CC-4C4A-AF64-CA8930E34206}.Debug|Any CPU.Build.0 = Debug|Any CPU
		{17743F0B-D3CC-4C4A-AF64-CA8930E34206}.Release|Any CPU.ActiveCfg = Release|Any CPU
		{17743F0B-D3CC-4C4A-AF64-CA8930E34206}.Release|Any CPU.Build.0 = Release|Any CPU
	EndGlobalSection
	GlobalSection(SolutionProperties) = preSolution
		HideSolutionNode = FALSE
	EndGlobalSection
	GlobalSection(ExtensibilityGlobals) = postSolution
		SolutionGuid = {F3353E7A-49E8-4C88-9EC6-072D5D4F5198}
	EndGlobalSection
EndGlobal
